
Microsoft Visual Studio Solution File, Format Version 12.00
Project("{FAE04EC0-301F-11D3-BF4B-00C04F79EFBC}") = "AutoLagNotifier", "AutoLagNotifier\AutoLagNotifier.csproj", "{56296124-02B3-4741-8660-0F2FB6E97E66}"
EndProject
Global
	GlobalSection(SolutionConfigurationPlatforms) = preSolution
		Debug|Any CPU = Debug|Any CPU
		Release|Any CPU = Release|Any CPU
	EndGlobalSection
	GlobalSection(ProjectConfigurationPlatforms) = postSolution
		{56296124-02B3-4741-8660-0F2FB6E97E66}.Debug|Any CPU.ActiveCfg = Debug|Any CPU
		{56296124-02B3-4741-8660-0F2FB6E97E66}.Debug|Any CPU.Build.0 = Debug|Any CPU
		{56296124-02B3-4741-8660-0F2FB6E97E66}.Release|Any CPU.ActiveCfg = Release|Any CPU
		{56296124-02B3-4741-8660-0F2FB6E97E66}.Release|Any CPU.Build.0 = Release|Any CPU
	EndGlobalSection
EndGlobal
